// !$*UTF8*$!
{
	archiveVersion = 1;
	classes = {
	};
	objectVersion = 55;
	objects = {

/* Begin PBXBuildFile section */
		5F0F1F872EB834A900CEF378 /* LoginManager.swift in Sources */ = {isa = PBXBuildFile; fileRef = 5F0F1F862EB834A900CEF378 /* LoginManager.swift */; };
		5F0F1F942EB8A3B500CEF378 /* Assets.xcassets in Resources */ = {isa = PBXBuildFile; fileRef = 5F0F1F932EB8A3B500CEF378 /* Assets.xcassets */; };
		5F139A472EC5A1FD0092EDA6 /* NSJSONSerializationForSwift in Frameworks */ = {isa = PBXBuildFile; productRef = 5F139A462EC5A1FD0092EDA6 /* NSJSONSerializationForSwift */; };
		5F139A492EC5E3B30092EDA6 /* FriendsView.swift in Sources */ = {isa = PBXBuildFile; fileRef = 5F139A482EC5E3B30092EDA6 /* FriendsView.swift */; };
		5F139A4B2EC69A690092EDA6 /* FriendCell.swift in Sources */ = {isa = PBXBuildFile; fileRef = 5F139A4A2EC69A690092EDA6 /* FriendCell.swift */; };
		5F139A4D2EC6A3AA0092EDA6 /* MainVC+ProfileView.swift in Sources */ = {isa = PBXBuildFile; fileRef = 5F139A4C2EC6A3AA0092EDA6 /* MainVC+ProfileView.swift */; };
		5F139A522EC6C8E10092EDA6 /* InputView+Actions.swift in Sources */ = {isa = PBXBuildFile; fileRef = 5F139A512EC6C8E10092EDA6 /* InputView+Actions.swift */; };
		5F139A542EC6C8EB0092EDA6 /* LargeHitAreaButton.swift in Sources */ = {isa = PBXBuildFile; fileRef = 5F139A532EC6C8EB0092EDA6 /* LargeHitAreaButton.swift */; };
		5F139A562EC6CA5C0092EDA6 /* Bubble.swift in Sources */ = {isa = PBXBuildFile; fileRef = 5F139A552EC6CA5C0092EDA6 /* Bubble.swift */; };
		5F15C8E02EEA7DB5004E0F4C /* SceneDelegate.swift in Sources */ = {isa = PBXBuildFile; fileRef = 5F15C8DF2EEA7DB5004E0F4C /* SceneDelegate.swift */; };
		5F2913A52EA989510019DC0F /* AvatarCache.swift in Sources */ = {isa = PBXBuildFile; fileRef = 5F2913A42EA989510019DC0F /* AvatarCache.swift */; };
		5F2914002EAB093C0019DC0F /* DMButtonCell.swift in Sources */ = {isa = PBXBuildFile; fileRef = 5F2913FF2EAB093C0019DC0F /* DMButtonCell.swift */; };
		5F2914022EAB09440019DC0F /* ChannelButtonView.swift in Sources */ = {isa = PBXBuildFile; fileRef = 5F2914012EAB09440019DC0F /* ChannelButtonView.swift */; };
		5F2914062EAC462F0019DC0F /* png8.swift in Sources */ = {isa = PBXBuildFile; fileRef = 5F2914052EAC462F0019DC0F /* png8.swift */; };
		5F2914082EAC4EB00019DC0F /* defaultavatar.png in Resources */ = {isa = PBXBuildFile; fileRef = 5F2914072EAC4EB00019DC0F /* defaultavatar.png */; };
		5F34F86F2EBEE80200877453 /* LoadingVC.swift in Sources */ = {isa = PBXBuildFile; fileRef = 5F34F86E2EBEE80200877453 /* LoadingVC.swift */; };
		5F50947D2EA4F268002646A2 /* TextVC.swift in Sources */ = {isa = PBXBuildFile; fileRef = 5F50947C2EA4F268002646A2 /* TextVC.swift */; };
		5F5094822EA57D92002646A2 /* SharedValues.swift in Sources */ = {isa = PBXBuildFile; fileRef = 5F5094812EA57D92002646A2 /* SharedValues.swift */; };
		5F5094862EA64674002646A2 /* CustomNavigationController.swift in Sources */ = {isa = PBXBuildFile; fileRef = 5F5094852EA64674002646A2 /* CustomNavigationController.swift */; };
		5F5450502EACB03E0066AEC6 /* AttachmentVC.swift in Sources */ = {isa = PBXBuildFile; fileRef = 5F54504F2EACB03E0066AEC6 /* AttachmentVC.swift */; };
		5F57B8B22E9EEAC600CA2CE2 /* AppDelegate.swift in Sources */ = {isa = PBXBuildFile; fileRef = 5F57B8B12E9EEAC600CA2CE2 /* AppDelegate.swift */; };
		5F57B8B52E9EEAC600CA2CE2 /* LaunchScreen.storyboard in Resources */ = {isa = PBXBuildFile; fileRef = 5F57B8B32E9EEAC600CA2CE2 /* LaunchScreen.storyboard */; };
		5F57B8B72E9EEAC600CA2CE2 /* MainVC.swift in Sources */ = {isa = PBXBuildFile; fileRef = 5F57B8B62E9EEAC600CA2CE2 /* MainVC.swift */; };
		5F57B8C12E9EEAE000CA2CE2 /* ModernSDKKit in Frameworks */ = {isa = PBXBuildFile; productRef = 5F57B8C02E9EEAE000CA2CE2 /* ModernSDKKit */; };
		5F57B8C62E9EF1CF00CA2CE2 /* SwiftcordLegacy in Frameworks */ = {isa = PBXBuildFile; productRef = 5F57B8C52E9EF1CF00CA2CE2 /* SwiftcordLegacy */; };
		5F57B8CB2E9F327000CA2CE2 /* Default-568h@2x.png in Resources */ = {isa = PBXBuildFile; fileRef = 5F57B8CA2E9F327000CA2CE2 /* Default-568h@2x.png */; };
		5F5AF8A62EC718B600D0C660 /* FoundationExtensions in Frameworks */ = {isa = PBXBuildFile; productRef = 5F5AF8A52EC718B600D0C660 /* FoundationExtensions */; };
		5F5AF8A92EC7FA0600D0C660 /* DeprecatedAPIKit in Frameworks */ = {isa = PBXBuildFile; productRef = 5F5AF8A82EC7FA0600D0C660 /* DeprecatedAPIKit */; };
		5F5AF8AB2EC8257500D0C660 /* RoleIconCache.swift in Sources */ = {isa = PBXBuildFile; fileRef = 5F5AF8AA2EC8257500D0C660 /* RoleIconCache.swift */; };
		5F5AF8AD2EC8267500D0C660 /* RoleCell.swift in Sources */ = {isa = PBXBuildFile; fileRef = 5F5AF8AC2EC8267500D0C660 /* RoleCell.swift */; };
		5F5AF8AF2EC83C2500D0C660 /* RoleCollectionView.swift in Sources */ = {isa = PBXBuildFile; fileRef = 5F5AF8AE2EC83C2500D0C660 /* RoleCollectionView.swift */; };
		5F64FE8E2EBC45E100577B00 /* ThemeEngine.swift in Sources */ = {isa = PBXBuildFile; fileRef = 5F64FE8D2EBC45E100577B00 /* ThemeEngine.swift */; };
		5F64FE902EBC486E00577B00 /* CustomToolbar.swift in Sources */ = {isa = PBXBuildFile; fileRef = 5F64FE8F2EBC486E00577B00 /* CustomToolbar.swift */; };
		5F64FE922EBC7A5200577B00 /* SettingsView.swift in Sources */ = {isa = PBXBuildFile; fileRef = 5F64FE912EBC7A5200577B00 /* SettingsView.swift */; };
		5F6CA5EB2EF1192A0063D80B /* BannerCache.swift in Sources */ = {isa = PBXBuildFile; fileRef = 5F6CA5EA2EF119260063D80B /* BannerCache.swift */; };
		5F6CA5ED2EF37D660063D80B /* MessageView+MessageInfo.swift in Sources */ = {isa = PBXBuildFile; fileRef = 5F6CA5EC2EF37D5D0063D80B /* MessageView+MessageInfo.swift */; };
		5F713E132EDBBFF8006FC7BB /* DMsIcon.png in Resources */ = {isa = PBXBuildFile; fileRef = 5F713E122EDBBFF7006FC7BB /* DMsIcon.png */; };
		5F724FD02EC179B7002A9E25 /* MainVC+SwiftcordMethods.swift in Sources */ = {isa = PBXBuildFile; fileRef = 5F724FCF2EC179B7002A9E25 /* MainVC+SwiftcordMethods.swift */; };
		5F724FD42EC1D7FD002A9E25 /* DiscordMarkdownView.swift in Sources */ = {isa = PBXBuildFile; fileRef = 5F724FD32EC1D7FD002A9E25 /* DiscordMarkdownView.swift */; };
		5F74D5E32EE6636A00E2C270 /* ReactionButtonView.swift in Sources */ = {isa = PBXBuildFile; fileRef = 5F74D5E22EE6636A00E2C270 /* ReactionButtonView.swift */; };
		5F74D5E52EE66A0A00E2C270 /* EmojiCache.swift in Sources */ = {isa = PBXBuildFile; fileRef = 5F74D5E42EE66A0A00E2C270 /* EmojiCache.swift */; };
		5F764B9B2ED27EFE00034CFC /* BubbleActionView.swift in Sources */ = {isa = PBXBuildFile; fileRef = 5F764B9A2ED27EFE00034CFC /* BubbleActionView.swift */; };
		5F764B9D2ED2844900034CFC /* TextVC+Bubble.swift in Sources */ = {isa = PBXBuildFile; fileRef = 5F764B9C2ED2844900034CFC /* TextVC+Bubble.swift */; };
		5F764B9F2ED2867600034CFC /* BubbleActionView+Typing.swift in Sources */ = {isa = PBXBuildFile; fileRef = 5F764B9E2ED2867600034CFC /* BubbleActionView+Typing.swift */; };
		5F79871A2EB1DD5C0058566C /* ReplyView.swift in Sources */ = {isa = PBXBuildFile; fileRef = 5F7987192EB1DD5C0058566C /* ReplyView.swift */; };
		5F902D122F06103200BA29EC /* CDNManager.swift in Sources */ = {isa = PBXBuildFile; fileRef = 5F902D112F06102900BA29EC /* CDNManager.swift */; };
		5F93950A2EE3DC9300977D7A /* ETFKit in Frameworks */ = {isa = PBXBuildFile; productRef = 5F9395092EE3DC9300977D7A /* ETFKit */; };
		5F93950C2EE3E2B000977D7A /* LoadingView.swift in Sources */ = {isa = PBXBuildFile; fileRef = 5F93950B2EE3E2B000977D7A /* LoadingView.swift */; };
		5F9F58B82EB42EE400A09760 /* TextVC+Gateway.swift in Sources */ = {isa = PBXBuildFile; fileRef = 5F9F58B72EB42EE400A09760 /* TextVC+Gateway.swift */; };
		5F9F58BA2EB42F8500A09760 /* TextVC+Keyboard+Gesture.swift in Sources */ = {isa = PBXBuildFile; fileRef = 5F9F58B92EB42F8500A09760 /* TextVC+Keyboard+Gesture.swift */; };
		5F9F58BC2EB42FF100A09760 /* TextVC+Message.swift in Sources */ = {isa = PBXBuildFile; fileRef = 5F9F58BB2EB42FF100A09760 /* TextVC+Message.swift */; };
		5F9F58BE2EB4303000A09760 /* TextVC+MessageAction.swift in Sources */ = {isa = PBXBuildFile; fileRef = 5F9F58BD2EB4303000A09760 /* TextVC+MessageAction.swift */; };
		5F9F58C02EB4309300A09760 /* TextVC+Background.swift in Sources */ = {isa = PBXBuildFile; fileRef = 5F9F58BF2EB4309300A09760 /* TextVC+Background.swift */; };
		5F9F58C22EB4309B00A09760 /* TextVC+Input.swift in Sources */ = {isa = PBXBuildFile; fileRef = 5F9F58C12EB4309B00A09760 /* TextVC+Input.swift */; };
		5F9F58C42EB4311F00A09760 /* GuassianBlur.swift in Sources */ = {isa = PBXBuildFile; fileRef = 5F9F58C32EB4311F00A09760 /* GuassianBlur.swift */; };
		5F9F58C92EB56F4100A09760 /* GuildButtonCell.swift in Sources */ = {isa = PBXBuildFile; fileRef = 5F9F58C82EB56F4100A09760 /* GuildButtonCell.swift */; };
		5F9F58CB2EB56FB800A09760 /* GuildAvatarCache.swift in Sources */ = {isa = PBXBuildFile; fileRef = 5F9F58CA2EB56FB800A09760 /* GuildAvatarCache.swift */; };
		5F9F58CD2EB578A400A09760 /* ChannelButtonCell.swift in Sources */ = {isa = PBXBuildFile; fileRef = 5F9F58CC2EB578A400A09760 /* ChannelButtonCell.swift */; };
		5F9F58DB2EB6E71300A09760 /* MessageView+Author.swift in Sources */ = {isa = PBXBuildFile; fileRef = 5F9F58DA2EB6E71200A09760 /* MessageView+Author.swift */; };
		5F9F58DD2EB6E72200A09760 /* MessageView+Content.swift in Sources */ = {isa = PBXBuildFile; fileRef = 5F9F58DC2EB6E72200A09760 /* MessageView+Content.swift */; };
		5F9F58DF2EB6E72C00A09760 /* MessageView+Attachments.swift in Sources */ = {isa = PBXBuildFile; fileRef = 5F9F58DE2EB6E72C00A09760 /* MessageView+Attachments.swift */; };
		5F9F58E12EB6E8CC00A09760 /* MessageView+Gestures.swift in Sources */ = {isa = PBXBuildFile; fileRef = 5F9F58E02EB6E8CC00A09760 /* MessageView+Gestures.swift */; };
		5F9F58E62EB6EBCF00A09760 /* MainVC+Delegate.swift in Sources */ = {isa = PBXBuildFile; fileRef = 5F9F58E52EB6EBCF00A09760 /* MainVC+Delegate.swift */; };
		5F9F58E82EB6FD3000A09760 /* ProfileView.swift in Sources */ = {isa = PBXBuildFile; fileRef = 5F9F58E72EB6FD3000A09760 /* ProfileView.swift */; };
		5FA7B1EE2ED3C90F008BCC5E /* MediaPreviewView.swift in Sources */ = {isa = PBXBuildFile; fileRef = 5FA7B1ED2ED3C90F008BCC5E /* MediaPreviewView.swift */; };
		5FA7B1F12ED3CB66008BCC5E /* .swiftlint.yml in Resources */ = {isa = PBXBuildFile; fileRef = 5FA7B1F02ED3CB66008BCC5E /* .swiftlint.yml */; };
		5FA7B2002ED57D1B008BCC5E /* OnboardingVC.swift in Sources */ = {isa = PBXBuildFile; fileRef = 5FA7B1FF2ED57D1B008BCC5E /* OnboardingVC.swift */; };
		5FACCA242EBAC163007EC568 /* ForumVC.swift in Sources */ = {isa = PBXBuildFile; fileRef = 5FACCA232EBAC163007EC568 /* ForumVC.swift */; };
		5FACCA272EBAD448007EC568 /* ProfileView+Swipe.swift in Sources */ = {isa = PBXBuildFile; fileRef = 5FACCA262EBAD448007EC568 /* ProfileView+Swipe.swift */; };
		5FE178362EAF17D000FC4AA4 /* TSMarkdownParser in Frameworks */ = {isa = PBXBuildFile; productRef = 5FE178352EAF17D000FC4AA4 /* TSMarkdownParser */; };
		5FE178442EAF3D1D00FC4AA4 /* lookup.dat in Resources */ = {isa = PBXBuildFile; fileRef = 5FE178382EAF3D1D00FC4AA4 /* lookup.dat */; };
		5FE178452EAF3D1D00FC4AA4 /* SFSymbols-build.ttf in Resources */ = {isa = PBXBuildFile; fileRef = 5FE178392EAF3D1D00FC4AA4 /* SFSymbols-build.ttf */; };
		5FE178462EAF3D1D00FC4AA4 /* SFSymbols-black.ttf in Resources */ = {isa = PBXBuildFile; fileRef = 5FE1783A2EAF3D1D00FC4AA4 /* SFSymbols-black.ttf */; };
		5FE178472EAF3D1D00FC4AA4 /* SFSymbols-semibold.ttf in Resources */ = {isa = PBXBuildFile; fileRef = 5FE1783B2EAF3D1D00FC4AA4 /* SFSymbols-semibold.ttf */; };
		5FE178482EAF3D1D00FC4AA4 /* SFSymbols-light.ttf in Resources */ = {isa = PBXBuildFile; fileRef = 5FE1783C2EAF3D1D00FC4AA4 /* SFSymbols-light.ttf */; };
		5FE178492EAF3D1D00FC4AA4 /* SFSymbols-thin.ttf in Resources */ = {isa = PBXBuildFile; fileRef = 5FE1783D2EAF3D1D00FC4AA4 /* SFSymbols-thin.ttf */; };
		5FE1784A2EAF3D1D00FC4AA4 /* SFSymbols-regular.ttf in Resources */ = {isa = PBXBuildFile; fileRef = 5FE1783E2EAF3D1D00FC4AA4 /* SFSymbols-regular.ttf */; };
		5FE1784B2EAF3D1D00FC4AA4 /* SFSymbols-ultralight.ttf in Resources */ = {isa = PBXBuildFile; fileRef = 5FE1783F2EAF3D1D00FC4AA4 /* SFSymbols-ultralight.ttf */; };
		5FE1784C2EAF3D1D00FC4AA4 /* SFSymbols-bold.ttf in Resources */ = {isa = PBXBuildFile; fileRef = 5FE178402EAF3D1D00FC4AA4 /* SFSymbols-bold.ttf */; };
		5FE1784D2EAF3D1D00FC4AA4 /* SFSymbols-medium.ttf in Resources */ = {isa = PBXBuildFile; fileRef = 5FE178412EAF3D1D00FC4AA4 /* SFSymbols-medium.ttf */; };
		5FE1784E2EAF3D1D00FC4AA4 /* SFSymbols-heavy.ttf in Resources */ = {isa = PBXBuildFile; fileRef = 5FE178422EAF3D1D00FC4AA4 /* SFSymbols-heavy.ttf */; };
		5FE1784F2EAF3D1D00FC4AA4 /* glyph_lookup_clean.json in Resources */ = {isa = PBXBuildFile; fileRef = 5FE178432EAF3D1D00FC4AA4 /* glyph_lookup_clean.json */; };
		5FE178512EB025F700FC4AA4 /* MessageActionView.swift in Sources */ = {isa = PBXBuildFile; fileRef = 5FE178502EB025F700FC4AA4 /* MessageActionView.swift */; };
		5FE9785F2ED2D65000CDDD16 /* EmbedView.swift in Sources */ = {isa = PBXBuildFile; fileRef = 5FE9785E2ED2D65000CDDD16 /* EmbedView.swift */; };
		5FEF14622EA0CF1A005598D3 /* UIKitExtensions in Frameworks */ = {isa = PBXBuildFile; productRef = 5FEF14612EA0CF1A005598D3 /* UIKitExtensions */; };
		5FEF14A42EA373C2005598D3 /* MessageView.swift in Sources */ = {isa = PBXBuildFile; fileRef = 5FEF14A32EA373C2005598D3 /* MessageView.swift */; };
		5FEF14A82EA4485B005598D3 /* InputView.swift in Sources */ = {isa = PBXBuildFile; fileRef = 5FEF14A72EA4485B005598D3 /* InputView.swift */; };
		5FEF15162EA4E616005598D3 /* AuthenticationVC.swift in Sources */ = {isa = PBXBuildFile; fileRef = 5FEF15152EA4E616005598D3 /* AuthenticationVC.swift */; };
/* End PBXBuildFile section */

/* Begin PBXFileReference section */
		5F0F1F862EB834A900CEF378 /* LoginManager.swift */ = {isa = PBXFileReference; lastKnownFileType = sourcecode.swift; path = LoginManager.swift; sourceTree = "<group>"; };
		5F0F1F932EB8A3B500CEF378 /* Assets.xcassets */ = {isa = PBXFileReference; lastKnownFileType = folder.assetcatalog; path = Assets.xcassets; sourceTree = "<group>"; };
		5F139A482EC5E3B30092EDA6 /* FriendsView.swift */ = {isa = PBXFileReference; lastKnownFileType = sourcecode.swift; path = FriendsView.swift; sourceTree = "<group>"; };
		5F139A4A2EC69A690092EDA6 /* FriendCell.swift */ = {isa = PBXFileReference; lastKnownFileType = sourcecode.swift; path = FriendCell.swift; sourceTree = "<group>"; };
		5F139A4C2EC6A3AA0092EDA6 /* MainVC+ProfileView.swift */ = {isa = PBXFileReference; lastKnownFileType = sourcecode.swift; path = "MainVC+ProfileView.swift"; sourceTree = "<group>"; };
		5F139A512EC6C8E10092EDA6 /* InputView+Actions.swift */ = {isa = PBXFileReference; lastKnownFileType = sourcecode.swift; path = "InputView+Actions.swift"; sourceTree = "<group>"; };
		5F139A532EC6C8EB0092EDA6 /* LargeHitAreaButton.swift */ = {isa = PBXFileReference; lastKnownFileType = sourcecode.swift; path = LargeHitAreaButton.swift; sourceTree = "<group>"; };
		5F139A552EC6CA5C0092EDA6 /* Bubble.swift */ = {isa = PBXFileReference; lastKnownFileType = sourcecode.swift; path = Bubble.swift; sourceTree = "<group>"; };
		5F15C8DF2EEA7DB5004E0F4C /* SceneDelegate.swift */ = {isa = PBXFileReference; lastKnownFileType = sourcecode.swift; path = SceneDelegate.swift; sourceTree = "<group>"; };
		5F2913A42EA989510019DC0F /* AvatarCache.swift */ = {isa = PBXFileReference; lastKnownFileType = sourcecode.swift; path = AvatarCache.swift; sourceTree = "<group>"; };
		5F2913A62EA999FA0019DC0F /* Info.plist */ = {isa = PBXFileReference; lastKnownFileType = text.plist; path = Info.plist; sourceTree = "<group>"; };
		5F2913FF2EAB093C0019DC0F /* DMButtonCell.swift */ = {isa = PBXFileReference; lastKnownFileType = sourcecode.swift; path = DMButtonCell.swift; sourceTree = "<group>"; };
		5F2914012EAB09440019DC0F /* ChannelButtonView.swift */ = {isa = PBXFileReference; lastKnownFileType = sourcecode.swift; path = ChannelButtonView.swift; sourceTree = "<group>"; };
		5F2914052EAC462F0019DC0F /* png8.swift */ = {isa = PBXFileReference; lastKnownFileType = sourcecode.swift; path = png8.swift; sourceTree = "<group>"; };
		5F2914072EAC4EB00019DC0F /* defaultavatar.png */ = {isa = PBXFileReference; lastKnownFileType = image.png; path = defaultavatar.png; sourceTree = "<group>"; };
		5F34F86E2EBEE80200877453 /* LoadingVC.swift */ = {isa = PBXFileReference; lastKnownFileType = sourcecode.swift; path = LoadingVC.swift; sourceTree = "<group>"; };
		5F50947C2EA4F268002646A2 /* TextVC.swift */ = {isa = PBXFileReference; lastKnownFileType = sourcecode.swift; path = TextVC.swift; sourceTree = "<group>"; };
		5F5094812EA57D92002646A2 /* SharedValues.swift */ = {isa = PBXFileReference; lastKnownFileType = sourcecode.swift; path = SharedValues.swift; sourceTree = "<group>"; };
		5F5094852EA64674002646A2 /* CustomNavigationController.swift */ = {isa = PBXFileReference; lastKnownFileType = sourcecode.swift; path = CustomNavigationController.swift; sourceTree = "<group>"; };
		5F54504F2EACB03E0066AEC6 /* AttachmentVC.swift */ = {isa = PBXFileReference; lastKnownFileType = sourcecode.swift; path = AttachmentVC.swift; sourceTree = "<group>"; };
		5F57B8AE2E9EEAC600CA2CE2 /* Neocord2.app */ = {isa = PBXFileReference; explicitFileType = wrapper.application; includeInIndex = 0; path = Neocord2.app; sourceTree = BUILT_PRODUCTS_DIR; };
		5F57B8B12E9EEAC600CA2CE2 /* AppDelegate.swift */ = {isa = PBXFileReference; lastKnownFileType = sourcecode.swift; path = AppDelegate.swift; sourceTree = "<group>"; };
		5F57B8B42E9EEAC600CA2CE2 /* Base */ = {isa = PBXFileReference; lastKnownFileType = file.storyboard; name = Base; path = Base.lproj/LaunchScreen.storyboard; sourceTree = "<group>"; };
		5F57B8B62E9EEAC600CA2CE2 /* MainVC.swift */ = {isa = PBXFileReference; lastKnownFileType = sourcecode.swift; path = MainVC.swift; sourceTree = "<group>"; };
		5F57B8C32E9EF1C400CA2CE2 /* SwiftcordLegacy */ = {isa = PBXFileReference; lastKnownFileType = wrapper; name = SwiftcordLegacy; path = ../SwiftcordLegacy; sourceTree = "<group>"; };
		5F57B8CA2E9F327000CA2CE2 /* Default-568h@2x.png */ = {isa = PBXFileReference; lastKnownFileType = image.png; path = "Default-568h@2x.png"; sourceTree = "<group>"; };
		5F5AF8AA2EC8257500D0C660 /* RoleIconCache.swift */ = {isa = PBXFileReference; lastKnownFileType = sourcecode.swift; path = RoleIconCache.swift; sourceTree = "<group>"; };
		5F5AF8AC2EC8267500D0C660 /* RoleCell.swift */ = {isa = PBXFileReference; lastKnownFileType = sourcecode.swift; path = RoleCell.swift; sourceTree = "<group>"; };
		5F5AF8AE2EC83C2500D0C660 /* RoleCollectionView.swift */ = {isa = PBXFileReference; lastKnownFileType = sourcecode.swift; path = RoleCollectionView.swift; sourceTree = "<group>"; };
		5F64FE8D2EBC45E100577B00 /* ThemeEngine.swift */ = {isa = PBXFileReference; lastKnownFileType = sourcecode.swift; path = ThemeEngine.swift; sourceTree = "<group>"; };
		5F64FE8F2EBC486E00577B00 /* CustomToolbar.swift */ = {isa = PBXFileReference; lastKnownFileType = sourcecode.swift; path = CustomToolbar.swift; sourceTree = "<group>"; };
		5F64FE912EBC7A5200577B00 /* SettingsView.swift */ = {isa = PBXFileReference; lastKnownFileType = sourcecode.swift; path = SettingsView.swift; sourceTree = "<group>"; };
		5F6CA5EA2EF119260063D80B /* BannerCache.swift */ = {isa = PBXFileReference; lastKnownFileType = sourcecode.swift; path = BannerCache.swift; sourceTree = "<group>"; };
		5F6CA5EC2EF37D5D0063D80B /* MessageView+MessageInfo.swift */ = {isa = PBXFileReference; lastKnownFileType = sourcecode.swift; path = "MessageView+MessageInfo.swift"; sourceTree = "<group>"; };
		5F713E122EDBBFF7006FC7BB /* DMsIcon.png */ = {isa = PBXFileReference; lastKnownFileType = image.png; path = DMsIcon.png; sourceTree = "<group>"; };
		5F724FCF2EC179B7002A9E25 /* MainVC+SwiftcordMethods.swift */ = {isa = PBXFileReference; lastKnownFileType = sourcecode.swift; path = "MainVC+SwiftcordMethods.swift"; sourceTree = "<group>"; };
		5F724FD32EC1D7FD002A9E25 /* DiscordMarkdownView.swift */ = {isa = PBXFileReference; lastKnownFileType = sourcecode.swift; path = DiscordMarkdownView.swift; sourceTree = "<group>"; };
		5F74D5E22EE6636A00E2C270 /* ReactionButtonView.swift */ = {isa = PBXFileReference; lastKnownFileType = sourcecode.swift; path = ReactionButtonView.swift; sourceTree = "<group>"; };
		5F74D5E42EE66A0A00E2C270 /* EmojiCache.swift */ = {isa = PBXFileReference; lastKnownFileType = sourcecode.swift; path = EmojiCache.swift; sourceTree = "<group>"; };
		5F764B9A2ED27EFE00034CFC /* BubbleActionView.swift */ = {isa = PBXFileReference; lastKnownFileType = sourcecode.swift; path = BubbleActionView.swift; sourceTree = "<group>"; };
		5F764B9C2ED2844900034CFC /* TextVC+Bubble.swift */ = {isa = PBXFileReference; lastKnownFileType = sourcecode.swift; path = "TextVC+Bubble.swift"; sourceTree = "<group>"; };
		5F764B9E2ED2867600034CFC /* BubbleActionView+Typing.swift */ = {isa = PBXFileReference; lastKnownFileType = sourcecode.swift; path = "BubbleActionView+Typing.swift"; sourceTree = "<group>"; };
		5F7987192EB1DD5C0058566C /* ReplyView.swift */ = {isa = PBXFileReference; lastKnownFileType = sourcecode.swift; path = ReplyView.swift; sourceTree = "<group>"; };
		5F79871B2EB1E6470058566C /* README.md */ = {isa = PBXFileReference; lastKnownFileType = net.daringfireball.markdown; path = README.md; sourceTree = "<group>"; };
		5F902D112F06102900BA29EC /* CDNManager.swift */ = {isa = PBXFileReference; lastKnownFileType = sourcecode.swift; path = CDNManager.swift; sourceTree = "<group>"; };
		5F93950B2EE3E2B000977D7A /* LoadingView.swift */ = {isa = PBXFileReference; lastKnownFileType = sourcecode.swift; path = LoadingView.swift; sourceTree = "<group>"; };
		5F9F58B72EB42EE400A09760 /* TextVC+Gateway.swift */ = {isa = PBXFileReference; lastKnownFileType = sourcecode.swift; path = "TextVC+Gateway.swift"; sourceTree = "<group>"; };
		5F9F58B92EB42F8500A09760 /* TextVC+Keyboard+Gesture.swift */ = {isa = PBXFileReference; lastKnownFileType = sourcecode.swift; path = "TextVC+Keyboard+Gesture.swift"; sourceTree = "<group>"; };
		5F9F58BB2EB42FF100A09760 /* TextVC+Message.swift */ = {isa = PBXFileReference; lastKnownFileType = sourcecode.swift; path = "TextVC+Message.swift"; sourceTree = "<group>"; };
		5F9F58BD2EB4303000A09760 /* TextVC+MessageAction.swift */ = {isa = PBXFileReference; lastKnownFileType = sourcecode.swift; path = "TextVC+MessageAction.swift"; sourceTree = "<group>"; };
		5F9F58BF2EB4309300A09760 /* TextVC+Background.swift */ = {isa = PBXFileReference; lastKnownFileType = sourcecode.swift; path = "TextVC+Background.swift"; sourceTree = "<group>"; };
		5F9F58C12EB4309B00A09760 /* TextVC+Input.swift */ = {isa = PBXFileReference; lastKnownFileType = sourcecode.swift; path = "TextVC+Input.swift"; sourceTree = "<group>"; };
		5F9F58C32EB4311F00A09760 /* GuassianBlur.swift */ = {isa = PBXFileReference; lastKnownFileType = sourcecode.swift; path = GuassianBlur.swift; sourceTree = "<group>"; };
		5F9F58C82EB56F4100A09760 /* GuildButtonCell.swift */ = {isa = PBXFileReference; lastKnownFileType = sourcecode.swift; path = GuildButtonCell.swift; sourceTree = "<group>"; };
		5F9F58CA2EB56FB800A09760 /* GuildAvatarCache.swift */ = {isa = PBXFileReference; lastKnownFileType = sourcecode.swift; path = GuildAvatarCache.swift; sourceTree = "<group>"; };
		5F9F58CC2EB578A400A09760 /* ChannelButtonCell.swift */ = {isa = PBXFileReference; lastKnownFileType = sourcecode.swift; path = ChannelButtonCell.swift; sourceTree = "<group>"; };
		5F9F58DA2EB6E71200A09760 /* MessageView+Author.swift */ = {isa = PBXFileReference; lastKnownFileType = sourcecode.swift; path = "MessageView+Author.swift"; sourceTree = "<group>"; };
		5F9F58DC2EB6E72200A09760 /* MessageView+Content.swift */ = {isa = PBXFileReference; lastKnownFileType = sourcecode.swift; path = "MessageView+Content.swift"; sourceTree = "<group>"; };
		5F9F58DE2EB6E72C00A09760 /* MessageView+Attachments.swift */ = {isa = PBXFileReference; lastKnownFileType = sourcecode.swift; path = "MessageView+Attachments.swift"; sourceTree = "<group>"; };
		5F9F58E02EB6E8CC00A09760 /* MessageView+Gestures.swift */ = {isa = PBXFileReference; lastKnownFileType = sourcecode.swift; path = "MessageView+Gestures.swift"; sourceTree = "<group>"; };
		5F9F58E52EB6EBCF00A09760 /* MainVC+Delegate.swift */ = {isa = PBXFileReference; lastKnownFileType = sourcecode.swift; path = "MainVC+Delegate.swift"; sourceTree = "<group>"; };
		5F9F58E72EB6FD3000A09760 /* ProfileView.swift */ = {isa = PBXFileReference; lastKnownFileType = sourcecode.swift; path = ProfileView.swift; sourceTree = "<group>"; };
		5FA7B1ED2ED3C90F008BCC5E /* MediaPreviewView.swift */ = {isa = PBXFileReference; lastKnownFileType = sourcecode.swift; path = MediaPreviewView.swift; sourceTree = "<group>"; };
		5FA7B1F02ED3CB66008BCC5E /* .swiftlint.yml */ = {isa = PBXFileReference; lastKnownFileType = text.yaml; path = .swiftlint.yml; sourceTree = "<group>"; };
		5FA7B1F72ED541A6008BCC5E /* Neocord.entitlements */ = {isa = PBXFileReference; lastKnownFileType = text.plist.entitlements; path = Neocord.entitlements; sourceTree = "<group>"; };
		5FA7B1FF2ED57D1B008BCC5E /* OnboardingVC.swift */ = {isa = PBXFileReference; lastKnownFileType = sourcecode.swift; path = OnboardingVC.swift; sourceTree = "<group>"; };
		5FACCA232EBAC163007EC568 /* ForumVC.swift */ = {isa = PBXFileReference; lastKnownFileType = sourcecode.swift; path = ForumVC.swift; sourceTree = "<group>"; };
		5FACCA262EBAD448007EC568 /* ProfileView+Swipe.swift */ = {isa = PBXFileReference; lastKnownFileType = sourcecode.swift; path = "ProfileView+Swipe.swift"; sourceTree = "<group>"; };
		5FE178382EAF3D1D00FC4AA4 /* lookup.dat */ = {isa = PBXFileReference; lastKnownFileType = file; path = lookup.dat; sourceTree = "<group>"; };
		5FE178392EAF3D1D00FC4AA4 /* SFSymbols-build.ttf */ = {isa = PBXFileReference; lastKnownFileType = file; path = "SFSymbols-build.ttf"; sourceTree = "<group>"; };
		5FE1783A2EAF3D1D00FC4AA4 /* SFSymbols-black.ttf */ = {isa = PBXFileReference; lastKnownFileType = file; path = "SFSymbols-black.ttf"; sourceTree = "<group>"; };
		5FE1783B2EAF3D1D00FC4AA4 /* SFSymbols-semibold.ttf */ = {isa = PBXFileReference; lastKnownFileType = file; path = "SFSymbols-semibold.ttf"; sourceTree = "<group>"; };
		5FE1783C2EAF3D1D00FC4AA4 /* SFSymbols-light.ttf */ = {isa = PBXFileReference; lastKnownFileType = file; path = "SFSymbols-light.ttf"; sourceTree = "<group>"; };
		5FE1783D2EAF3D1D00FC4AA4 /* SFSymbols-thin.ttf */ = {isa = PBXFileReference; lastKnownFileType = file; path = "SFSymbols-thin.ttf"; sourceTree = "<group>"; };
		5FE1783E2EAF3D1D00FC4AA4 /* SFSymbols-regular.ttf */ = {isa = PBXFileReference; lastKnownFileType = file; path = "SFSymbols-regular.ttf"; sourceTree = "<group>"; };
		5FE1783F2EAF3D1D00FC4AA4 /* SFSymbols-ultralight.ttf */ = {isa = PBXFileReference; lastKnownFileType = file; path = "SFSymbols-ultralight.ttf"; sourceTree = "<group>"; };
		5FE178402EAF3D1D00FC4AA4 /* SFSymbols-bold.ttf */ = {isa = PBXFileReference; lastKnownFileType = file; path = "SFSymbols-bold.ttf"; sourceTree = "<group>"; };
		5FE178412EAF3D1D00FC4AA4 /* SFSymbols-medium.ttf */ = {isa = PBXFileReference; lastKnownFileType = file; path = "SFSymbols-medium.ttf"; sourceTree = "<group>"; };
		5FE178422EAF3D1D00FC4AA4 /* SFSymbols-heavy.ttf */ = {isa = PBXFileReference; lastKnownFileType = file; path = "SFSymbols-heavy.ttf"; sourceTree = "<group>"; };
		5FE178432EAF3D1D00FC4AA4 /* glyph_lookup_clean.json */ = {isa = PBXFileReference; fileEncoding = 4; lastKnownFileType = text.json; path = glyph_lookup_clean.json; sourceTree = "<group>"; };
		5FE178502EB025F700FC4AA4 /* MessageActionView.swift */ = {isa = PBXFileReference; lastKnownFileType = sourcecode.swift; path = MessageActionView.swift; sourceTree = "<group>"; };
		5FE9785D2ED298CC00CDDD16 /* build */ = {isa = PBXFileReference; lastKnownFileType = text.script.sh; path = build; sourceTree = "<group>"; };
		5FE9785E2ED2D65000CDDD16 /* EmbedView.swift */ = {isa = PBXFileReference; lastKnownFileType = sourcecode.swift; path = EmbedView.swift; sourceTree = "<group>"; };
		5FEF14272EA0B406005598D3 /* Accelerate.framework */ = {isa = PBXFileReference; lastKnownFileType = wrapper.framework; name = Accelerate.framework; path = System/Library/Frameworks/Accelerate.framework; sourceTree = SDKROOT; };
		5FEF14A32EA373C2005598D3 /* MessageView.swift */ = {isa = PBXFileReference; lastKnownFileType = sourcecode.swift; path = MessageView.swift; sourceTree = "<group>"; };
		5FEF14A72EA4485B005598D3 /* InputView.swift */ = {isa = PBXFileReference; lastKnownFileType = sourcecode.swift; path = InputView.swift; sourceTree = "<group>"; };
		5FEF15152EA4E616005598D3 /* AuthenticationVC.swift */ = {isa = PBXFileReference; lastKnownFileType = sourcecode.swift; path = AuthenticationVC.swift; sourceTree = "<group>"; };
/* End PBXFileReference section */

/* Begin PBXFrameworksBuildPhase section */
		5F57B8AB2E9EEAC600CA2CE2 /* Frameworks */ = {
			isa = PBXFrameworksBuildPhase;
			buildActionMask = 2147483647;
			files = (
				5F57B8C12E9EEAE000CA2CE2 /* ModernSDKKit in Frameworks */,
				5F5AF8A62EC718B600D0C660 /* FoundationExtensions in Frameworks */,
				5F5AF8A92EC7FA0600D0C660 /* DeprecatedAPIKit in Frameworks */,
				5F139A472EC5A1FD0092EDA6 /* NSJSONSerializationForSwift in Frameworks */,
				5F57B8C62E9EF1CF00CA2CE2 /* SwiftcordLegacy in Frameworks */,
				5F93950A2EE3DC9300977D7A /* ETFKit in Frameworks */,
				5FEF14622EA0CF1A005598D3 /* UIKitExtensions in Frameworks */,
				5FE178362EAF17D000FC4AA4 /* TSMarkdownParser in Frameworks */,
			);
			runOnlyForDeploymentPostprocessing = 0;
		};
/* End PBXFrameworksBuildPhase section */

/* Begin PBXGroup section */
		5F139A4E2EC6C8CA0092EDA6 /* InputView */ = {
			isa = PBXGroup;
			children = (
				5FEF14A72EA4485B005598D3 /* InputView.swift */,
				5F139A512EC6C8E10092EDA6 /* InputView+Actions.swift */,
			);
			path = InputView;
			sourceTree = "<group>";
		};
		5F50947E2EA5789A002646A2 /* View Controllers */ = {
			isa = PBXGroup;
			children = (
				5FA7B1FE2ED57C4E008BCC5E /* OnboardingVC */,
				5F9F58E42EB6EBBB00A09760 /* MainVC */,
				5F9F58B62EB42ED600A09760 /* TextVC */,
				5FEF15152EA4E616005598D3 /* AuthenticationVC.swift */,
				5F54504F2EACB03E0066AEC6 /* AttachmentVC.swift */,
				5FACCA232EBAC163007EC568 /* ForumVC.swift */,
				5F34F86E2EBEE80200877453 /* LoadingVC.swift */,
			);
			path = "View Controllers";
			sourceTree = "<group>";
		};
		5F50947F2EA578AB002646A2 /* Views */ = {
			isa = PBXGroup;
			children = (
				5FA7B1F22ED3DACC008BCC5E /* EmbedView */,
				5F764B992ED27EEB00034CFC /* BubbleActionView */,
				5F139A4E2EC6C8CA0092EDA6 /* InputView */,
				5FACCA252EBAD43A007EC568 /* ProfileView */,
				5F9F58D92EB6E6CD00A09760 /* MessageView */,
				5F2914012EAB09440019DC0F /* ChannelButtonView.swift */,
				5FE178502EB025F700FC4AA4 /* MessageActionView.swift */,
				5F7987192EB1DD5C0058566C /* ReplyView.swift */,
				5F64FE912EBC7A5200577B00 /* SettingsView.swift */,
				5F724FD32EC1D7FD002A9E25 /* DiscordMarkdownView.swift */,
				5F139A482EC5E3B30092EDA6 /* FriendsView.swift */,
				5F139A532EC6C8EB0092EDA6 /* LargeHitAreaButton.swift */,
				5FA7B1ED2ED3C90F008BCC5E /* MediaPreviewView.swift */,
				5F93950B2EE3E2B000977D7A /* LoadingView.swift */,
				5F74D5E22EE6636A00E2C270 /* ReactionButtonView.swift */,
			);
			path = Views;
			sourceTree = "<group>";
		};
		5F57B8A52E9EEAC600CA2CE2 = {
			isa = PBXGroup;
			children = (
				5FA7B1F02ED3CB66008BCC5E /* .swiftlint.yml */,
				5F79871B2EB1E6470058566C /* README.md */,
				5FE9785D2ED298CC00CDDD16 /* build */,
				5F57B8C22E9EF1C400CA2CE2 /* Packages */,
				5F57B8B02E9EEAC600CA2CE2 /* Neocord2 */,
				5F57B8AF2E9EEAC600CA2CE2 /* Products */,
				5F57B8C42E9EF1CF00CA2CE2 /* Frameworks */,
			);
			sourceTree = "<group>";
		};
		5F57B8AF2E9EEAC600CA2CE2 /* Products */ = {
			isa = PBXGroup;
			children = (
				5F57B8AE2E9EEAC600CA2CE2 /* Neocord2.app */,
			);
			name = Products;
			sourceTree = "<group>";
		};
		5F57B8B02E9EEAC600CA2CE2 /* Neocord2 */ = {
			isa = PBXGroup;
			children = (
				5F902D112F06102900BA29EC /* CDNManager.swift */,
				5F57B8B12E9EEAC600CA2CE2 /* AppDelegate.swift */,
				5F15C8DF2EEA7DB5004E0F4C /* SceneDelegate.swift */,
				5FA7B1F72ED541A6008BCC5E /* Neocord.entitlements */,
				5FA7B1F62ED5288F008BCC5E /* CacheManagers */,
				5FA7B1F52ED52884008BCC5E /* CustomComponents */,
				5F57B8CA2E9F327000CA2CE2 /* Default-568h@2x.png */,
				5F57B8B32E9EEAC600CA2CE2 /* LaunchScreen.storyboard */,
				5F9F58CE2EB57C0200A09760 /* Assets */,
				5F2913A62EA999FA0019DC0F /* Info.plist */,
				5F9F58E22EB6EA6800A09760 /* Cells */,
				5F50947F2EA578AB002646A2 /* Views */,
				5F50947E2EA5789A002646A2 /* View Controllers */,
				5F9F58E32EB6EA6F00A09760 /* Others */,
			);
			path = Neocord2;
			sourceTree = "<group>";
		};
		5F57B8C22E9EF1C400CA2CE2 /* Packages */ = {
			isa = PBXGroup;
			children = (
				5F57B8C32E9EF1C400CA2CE2 /* SwiftcordLegacy */,
			);
			name = Packages;
			sourceTree = "<group>";
		};
		5F57B8C42E9EF1CF00CA2CE2 /* Frameworks */ = {
			isa = PBXGroup;
			children = (
				5FEF14272EA0B406005598D3 /* Accelerate.framework */,
			);
			name = Frameworks;
			sourceTree = "<group>";
		};
		5F764B992ED27EEB00034CFC /* BubbleActionView */ = {
			isa = PBXGroup;
			children = (
				5F139A552EC6CA5C0092EDA6 /* Bubble.swift */,
				5F764B9A2ED27EFE00034CFC /* BubbleActionView.swift */,
				5F764B9E2ED2867600034CFC /* BubbleActionView+Typing.swift */,
			);
			path = BubbleActionView;
			sourceTree = "<group>";
		};
		5F9F58B62EB42ED600A09760 /* TextVC */ = {
			isa = PBXGroup;
			children = (
				5F50947C2EA4F268002646A2 /* TextVC.swift */,
				5F9F58B72EB42EE400A09760 /* TextVC+Gateway.swift */,
				5F9F58B92EB42F8500A09760 /* TextVC+Keyboard+Gesture.swift */,
				5F9F58BB2EB42FF100A09760 /* TextVC+Message.swift */,
				5F9F58BD2EB4303000A09760 /* TextVC+MessageAction.swift */,
				5F9F58BF2EB4309300A09760 /* TextVC+Background.swift */,
				5F9F58C12EB4309B00A09760 /* TextVC+Input.swift */,
				5F764B9C2ED2844900034CFC /* TextVC+Bubble.swift */,
			);
			path = TextVC;
			sourceTree = "<group>";
		};
		5F9F58CE2EB57C0200A09760 /* Assets */ = {
			isa = PBXGroup;
			children = (
				5F713E122EDBBFF7006FC7BB /* DMsIcon.png */,
				5F0F1F932EB8A3B500CEF378 /* Assets.xcassets */,
				5F2914072EAC4EB00019DC0F /* defaultavatar.png */,
				5FE178372EAF3D1D00FC4AA4 /* SFFonts */,
			);
			path = Assets;
			sourceTree = "<group>";
		};
		5F9F58D92EB6E6CD00A09760 /* MessageView */ = {
			isa = PBXGroup;
			children = (
				5FEF14A32EA373C2005598D3 /* MessageView.swift */,
				5F9F58DA2EB6E71200A09760 /* MessageView+Author.swift */,
				5F9F58DC2EB6E72200A09760 /* MessageView+Content.swift */,
				5F6CA5EC2EF37D5D0063D80B /* MessageView+MessageInfo.swift */,
				5F9F58DE2EB6E72C00A09760 /* MessageView+Attachments.swift */,
				5F9F58E02EB6E8CC00A09760 /* MessageView+Gestures.swift */,
			);
			path = MessageView;
			sourceTree = "<group>";
		};
		5F9F58E22EB6EA6800A09760 /* Cells */ = {
			isa = PBXGroup;
			children = (
				5F2913FF2EAB093C0019DC0F /* DMButtonCell.swift */,
				5F9F58C82EB56F4100A09760 /* GuildButtonCell.swift */,
				5F9F58CC2EB578A400A09760 /* ChannelButtonCell.swift */,
				5F139A4A2EC69A690092EDA6 /* FriendCell.swift */,
				5F5AF8AC2EC8267500D0C660 /* RoleCell.swift */,
			);
			path = Cells;
			sourceTree = "<group>";
		};
		5F9F58E32EB6EA6F00A09760 /* Others */ = {
			isa = PBXGroup;
			children = (
				5F5094812EA57D92002646A2 /* SharedValues.swift */,
				5F0F1F862EB834A900CEF378 /* LoginManager.swift */,
				5F2914052EAC462F0019DC0F /* png8.swift */,
				5F9F58C32EB4311F00A09760 /* GuassianBlur.swift */,
				5F64FE8D2EBC45E100577B00 /* ThemeEngine.swift */,
			);
			path = Others;
			sourceTree = "<group>";
		};
		5F9F58E42EB6EBBB00A09760 /* MainVC */ = {
			isa = PBXGroup;
			children = (
				5F57B8B62E9EEAC600CA2CE2 /* MainVC.swift */,
				5F9F58E52EB6EBCF00A09760 /* MainVC+Delegate.swift */,
				5F724FCF2EC179B7002A9E25 /* MainVC+SwiftcordMethods.swift */,
				5F139A4C2EC6A3AA0092EDA6 /* MainVC+ProfileView.swift */,
			);
			path = MainVC;
			sourceTree = "<group>";
		};
		5FA7B1F22ED3DACC008BCC5E /* EmbedView */ = {
			isa = PBXGroup;
			children = (
				5FE9785E2ED2D65000CDDD16 /* EmbedView.swift */,
			);
			path = EmbedView;
			sourceTree = "<group>";
		};
		5FA7B1F52ED52884008BCC5E /* CustomComponents */ = {
			isa = PBXGroup;
			children = (
				5F5094852EA64674002646A2 /* CustomNavigationController.swift */,
				5F64FE8F2EBC486E00577B00 /* CustomToolbar.swift */,
			);
			path = CustomComponents;
			sourceTree = "<group>";
		};
		5FA7B1F62ED5288F008BCC5E /* CacheManagers */ = {
			isa = PBXGroup;
			children = (
				5F6CA5EA2EF119260063D80B /* BannerCache.swift */,
				5F2913A42EA989510019DC0F /* AvatarCache.swift */,
				5F9F58CA2EB56FB800A09760 /* GuildAvatarCache.swift */,
				5F5AF8AA2EC8257500D0C660 /* RoleIconCache.swift */,
				5F74D5E42EE66A0A00E2C270 /* EmojiCache.swift */,
			);
			path = CacheManagers;
			sourceTree = "<group>";
		};
		5FA7B1FE2ED57C4E008BCC5E /* OnboardingVC */ = {
			isa = PBXGroup;
			children = (
				5FA7B1FF2ED57D1B008BCC5E /* OnboardingVC.swift */,
			);
			path = OnboardingVC;
			sourceTree = "<group>";
		};
		5FACCA252EBAD43A007EC568 /* ProfileView */ = {
			isa = PBXGroup;
			children = (
				5F9F58E72EB6FD3000A09760 /* ProfileView.swift */,
				5F5AF8AE2EC83C2500D0C660 /* RoleCollectionView.swift */,
				5FACCA262EBAD448007EC568 /* ProfileView+Swipe.swift */,
			);
			path = ProfileView;
			sourceTree = "<group>";
		};
		5FE178372EAF3D1D00FC4AA4 /* SFFonts */ = {
			isa = PBXGroup;
			children = (
				5FE178382EAF3D1D00FC4AA4 /* lookup.dat */,
				5FE178392EAF3D1D00FC4AA4 /* SFSymbols-build.ttf */,
				5FE1783A2EAF3D1D00FC4AA4 /* SFSymbols-black.ttf */,
				5FE1783B2EAF3D1D00FC4AA4 /* SFSymbols-semibold.ttf */,
				5FE1783C2EAF3D1D00FC4AA4 /* SFSymbols-light.ttf */,
				5FE1783D2EAF3D1D00FC4AA4 /* SFSymbols-thin.ttf */,
				5FE1783E2EAF3D1D00FC4AA4 /* SFSymbols-regular.ttf */,
				5FE1783F2EAF3D1D00FC4AA4 /* SFSymbols-ultralight.ttf */,
				5FE178402EAF3D1D00FC4AA4 /* SFSymbols-bold.ttf */,
				5FE178412EAF3D1D00FC4AA4 /* SFSymbols-medium.ttf */,
				5FE178422EAF3D1D00FC4AA4 /* SFSymbols-heavy.ttf */,
				5FE178432EAF3D1D00FC4AA4 /* glyph_lookup_clean.json */,
			);
			path = SFFonts;
			sourceTree = "<group>";
		};
/* End PBXGroup section */

/* Begin PBXNativeTarget section */
		5F57B8AD2E9EEAC600CA2CE2 /* Neocord2 */ = {
			isa = PBXNativeTarget;
			buildConfigurationList = 5F57B8BC2E9EEAC800CA2CE2 /* Build configuration list for PBXNativeTarget "Neocord2" */;
			buildPhases = (
				5F57B8AA2E9EEAC600CA2CE2 /* Sources */,
				5F57B8AB2E9EEAC600CA2CE2 /* Frameworks */,
				5F57B8AC2E9EEAC600CA2CE2 /* Resources */,
			);
			buildRules = (
			);
			dependencies = (
			);
			name = Neocord2;
			packageProductDependencies = (
				5F57B8C02E9EEAE000CA2CE2 /* ModernSDKKit */,
				5F57B8C52E9EF1CF00CA2CE2 /* SwiftcordLegacy */,
				5FEF14612EA0CF1A005598D3 /* UIKitExtensions */,
				5FE178352EAF17D000FC4AA4 /* TSMarkdownParser */,
				5F139A462EC5A1FD0092EDA6 /* NSJSONSerializationForSwift */,
				5F5AF8A52EC718B600D0C660 /* FoundationExtensions */,
				5F5AF8A82EC7FA0600D0C660 /* DeprecatedAPIKit */,
				5F9395092EE3DC9300977D7A /* ETFKit */,
			);
			productName = MakingADiscordAPI;
			productReference = 5F57B8AE2E9EEAC600CA2CE2 /* Neocord2.app */;
			productType = "com.apple.product-type.application";
		};
/* End PBXNativeTarget section */

/* Begin PBXProject section */
		5F57B8A62E9EEAC600CA2CE2 /* Project object */ = {
			isa = PBXProject;
			attributes = {
				BuildIndependentTargetsInParallel = 1;
				LastSwiftUpdateCheck = 1340;
				LastUpgradeCheck = 1340;
				TargetAttributes = {
					5F57B8AD2E9EEAC600CA2CE2 = {
						CreatedOnToolsVersion = 13.4;
					};
				};
			};
			buildConfigurationList = 5F57B8A92E9EEAC600CA2CE2 /* Build configuration list for PBXProject "Neocord2" */;
			compatibilityVersion = "Xcode 13.0";
			developmentRegion = en;
			hasScannedForEncodings = 0;
			knownRegions = (
				en,
				Base,
			);
			mainGroup = 5F57B8A52E9EEAC600CA2CE2;
			packageReferences = (
				5F57B8BF2E9EEAE000CA2CE2 /* XCRemoteSwiftPackageReference "ModernSDKKit" */,
				5FEF14602EA0CF1A005598D3 /* XCRemoteSwiftPackageReference "UIKitExtensions" */,
				5FE178342EAF17D000FC4AA4 /* XCRemoteSwiftPackageReference "TSMarkdownParser" */,
				5F139A452EC5A1FD0092EDA6 /* XCRemoteSwiftPackageReference "NSJSONSerialization-for-Swift" */,
				5F5AF8A42EC718B600D0C660 /* XCRemoteSwiftPackageReference "FoundationExtensions" */,
				5F5AF8A72EC7FA0600D0C660 /* XCRemoteSwiftPackageReference "DeprecatedAPIKit" */,
				5F9395082EE3DC9300977D7A /* XCRemoteSwiftPackageReference "ETFKit" */,
			);
			productRefGroup = 5F57B8AF2E9EEAC600CA2CE2 /* Products */;
			projectDirPath = "";
			projectRoot = "";
			targets = (
				5F57B8AD2E9EEAC600CA2CE2 /* Neocord2 */,
			);
		};
/* End PBXProject section */

/* Begin PBXResourcesBuildPhase section */
		5F57B8AC2E9EEAC600CA2CE2 /* Resources */ = {
			isa = PBXResourcesBuildPhase;
			buildActionMask = 2147483647;
			files = (
				5FA7B1F12ED3CB66008BCC5E /* .swiftlint.yml in Resources */,
				5FE178472EAF3D1D00FC4AA4 /* SFSymbols-semibold.ttf in Resources */,
				5F2914082EAC4EB00019DC0F /* defaultavatar.png in Resources */,
				5FE178492EAF3D1D00FC4AA4 /* SFSymbols-thin.ttf in Resources */,
				5FE1784E2EAF3D1D00FC4AA4 /* SFSymbols-heavy.ttf in Resources */,
				5FE1784A2EAF3D1D00FC4AA4 /* SFSymbols-regular.ttf in Resources */,
				5FE178452EAF3D1D00FC4AA4 /* SFSymbols-build.ttf in Resources */,
				5FE178442EAF3D1D00FC4AA4 /* lookup.dat in Resources */,
				5FE1784B2EAF3D1D00FC4AA4 /* SFSymbols-ultralight.ttf in Resources */,
				5F57B8B52E9EEAC600CA2CE2 /* LaunchScreen.storyboard in Resources */,
				5FE1784C2EAF3D1D00FC4AA4 /* SFSymbols-bold.ttf in Resources */,
				5FE1784D2EAF3D1D00FC4AA4 /* SFSymbols-medium.ttf in Resources */,
				5FE178462EAF3D1D00FC4AA4 /* SFSymbols-black.ttf in Resources */,
				5F713E132EDBBFF8006FC7BB /* DMsIcon.png in Resources */,
				5F57B8CB2E9F327000CA2CE2 /* Default-568h@2x.png in Resources */,
				5FE1784F2EAF3D1D00FC4AA4 /* glyph_lookup_clean.json in Resources */,
				5F0F1F942EB8A3B500CEF378 /* Assets.xcassets in Resources */,
				5FE178482EAF3D1D00FC4AA4 /* SFSymbols-light.ttf in Resources */,
			);
			runOnlyForDeploymentPostprocessing = 0;
		};
/* End PBXResourcesBuildPhase section */

/* Begin PBXSourcesBuildPhase section */
		5F57B8AA2E9EEAC600CA2CE2 /* Sources */ = {
			isa = PBXSourcesBuildPhase;
			buildActionMask = 2147483647;
			files = (
				5F139A4D2EC6A3AA0092EDA6 /* MainVC+ProfileView.swift in Sources */,
				5F139A492EC5E3B30092EDA6 /* FriendsView.swift in Sources */,
				5F9F58E62EB6EBCF00A09760 /* MainVC+Delegate.swift in Sources */,
				5F74D5E52EE66A0A00E2C270 /* EmojiCache.swift in Sources */,
				5F74D5E32EE6636A00E2C270 /* ReactionButtonView.swift in Sources */,
				5F57B8B72E9EEAC600CA2CE2 /* MainVC.swift in Sources */,
				5F34F86F2EBEE80200877453 /* LoadingVC.swift in Sources */,
				5F93950C2EE3E2B000977D7A /* LoadingView.swift in Sources */,
				5FACCA242EBAC163007EC568 /* ForumVC.swift in Sources */,
				5FE9785F2ED2D65000CDDD16 /* EmbedView.swift in Sources */,
				5F764B9B2ED27EFE00034CFC /* BubbleActionView.swift in Sources */,
				5F9F58C92EB56F4100A09760 /* GuildButtonCell.swift in Sources */,
				5F2914062EAC462F0019DC0F /* png8.swift in Sources */,
				5F724FD02EC179B7002A9E25 /* MainVC+SwiftcordMethods.swift in Sources */,
				5F0F1F872EB834A900CEF378 /* LoginManager.swift in Sources */,
				5F64FE922EBC7A5200577B00 /* SettingsView.swift in Sources */,
				5F15C8E02EEA7DB5004E0F4C /* SceneDelegate.swift in Sources */,
				5F5AF8AB2EC8257500D0C660 /* RoleIconCache.swift in Sources */,
				5FEF14A82EA4485B005598D3 /* InputView.swift in Sources */,
				5F9F58B82EB42EE400A09760 /* TextVC+Gateway.swift in Sources */,
				5F5AF8AF2EC83C2500D0C660 /* RoleCollectionView.swift in Sources */,
				5F9F58DB2EB6E71300A09760 /* MessageView+Author.swift in Sources */,
				5F5094822EA57D92002646A2 /* SharedValues.swift in Sources */,
				5F139A522EC6C8E10092EDA6 /* InputView+Actions.swift in Sources */,
				5F764B9D2ED2844900034CFC /* TextVC+Bubble.swift in Sources */,
				5F9F58CB2EB56FB800A09760 /* GuildAvatarCache.swift in Sources */,
				5FACCA272EBAD448007EC568 /* ProfileView+Swipe.swift in Sources */,
				5F79871A2EB1DD5C0058566C /* ReplyView.swift in Sources */,
				5F2914002EAB093C0019DC0F /* DMButtonCell.swift in Sources */,
				5F9F58C42EB4311F00A09760 /* GuassianBlur.swift in Sources */,
				5F9F58E12EB6E8CC00A09760 /* MessageView+Gestures.swift in Sources */,
				5F9F58DF2EB6E72C00A09760 /* MessageView+Attachments.swift in Sources */,
				5F9F58BC2EB42FF100A09760 /* TextVC+Message.swift in Sources */,
				5F9F58CD2EB578A400A09760 /* ChannelButtonCell.swift in Sources */,
				5F9F58C22EB4309B00A09760 /* TextVC+Input.swift in Sources */,
				5F9F58E82EB6FD3000A09760 /* ProfileView.swift in Sources */,
				5F5094862EA64674002646A2 /* CustomNavigationController.swift in Sources */,
				5F9F58BA2EB42F8500A09760 /* TextVC+Keyboard+Gesture.swift in Sources */,
				5F6CA5ED2EF37D660063D80B /* MessageView+MessageInfo.swift in Sources */,
				5F902D122F06103200BA29EC /* CDNManager.swift in Sources */,
				5F50947D2EA4F268002646A2 /* TextVC.swift in Sources */,
				5F9F58DD2EB6E72200A09760 /* MessageView+Content.swift in Sources */,
				5F57B8B22E9EEAC600CA2CE2 /* AppDelegate.swift in Sources */,
				5F64FE8E2EBC45E100577B00 /* ThemeEngine.swift in Sources */,
				5F2914022EAB09440019DC0F /* ChannelButtonView.swift in Sources */,
				5F5AF8AD2EC8267500D0C660 /* RoleCell.swift in Sources */,
				5F764B9F2ED2867600034CFC /* BubbleActionView+Typing.swift in Sources */,
				5F64FE902EBC486E00577B00 /* CustomToolbar.swift in Sources */,
				5F139A4B2EC69A690092EDA6 /* FriendCell.swift in Sources */,
				5FA7B1EE2ED3C90F008BCC5E /* MediaPreviewView.swift in Sources */,
				5F2913A52EA989510019DC0F /* AvatarCache.swift in Sources */,
				5F139A562EC6CA5C0092EDA6 /* Bubble.swift in Sources */,
				5F9F58BE2EB4303000A09760 /* TextVC+MessageAction.swift in Sources */,
				5FE178512EB025F700FC4AA4 /* MessageActionView.swift in Sources */,
				5F139A542EC6C8EB0092EDA6 /* LargeHitAreaButton.swift in Sources */,
				5FA7B2002ED57D1B008BCC5E /* OnboardingVC.swift in Sources */,
				5F5450502EACB03E0066AEC6 /* AttachmentVC.swift in Sources */,
				5F724FD42EC1D7FD002A9E25 /* DiscordMarkdownView.swift in Sources */,
				5F9F58C02EB4309300A09760 /* TextVC+Background.swift in Sources */,
				5FEF15162EA4E616005598D3 /* AuthenticationVC.swift in Sources */,
				5F6CA5EB2EF1192A0063D80B /* BannerCache.swift in Sources */,
				5FEF14A42EA373C2005598D3 /* MessageView.swift in Sources */,
			);
			runOnlyForDeploymentPostprocessing = 0;
		};
/* End PBXSourcesBuildPhase section */

/* Begin PBXVariantGroup section */
		5F57B8B32E9EEAC600CA2CE2 /* LaunchScreen.storyboard */ = {
			isa = PBXVariantGroup;
			children = (
				5F57B8B42E9EEAC600CA2CE2 /* Base */,
			);
			name = LaunchScreen.storyboard;
			sourceTree = "<group>";
		};
/* End PBXVariantGroup section */

/* Begin XCBuildConfiguration section */
		5F57B8BA2E9EEAC800CA2CE2 /* Debug */ = {
			isa = XCBuildConfiguration;
			buildSettings = {
				ALWAYS_SEARCH_USER_PATHS = NO;
				CLANG_ANALYZER_NONNULL = YES;
				CLANG_ANALYZER_NUMBER_OBJECT_CONVERSION = YES_AGGRESSIVE;
				CLANG_CXX_LANGUAGE_STANDARD = "gnu++17";
				CLANG_ENABLE_MODULES = YES;
				CLANG_ENABLE_OBJC_ARC = YES;
				CLANG_ENABLE_OBJC_WEAK = YES;
				CLANG_WARN_BLOCK_CAPTURE_AUTORELEASING = YES;
				CLANG_WARN_BOOL_CONVERSION = YES;
				CLANG_WARN_COMMA = YES;
				CLANG_WARN_CONSTANT_CONVERSION = YES;
				CLANG_WARN_DEPRECATED_OBJC_IMPLEMENTATIONS = YES;
				CLANG_WARN_DIRECT_OBJC_ISA_USAGE = YES_ERROR;
				CLANG_WARN_DOCUMENTATION_COMMENTS = YES;
				CLANG_WARN_EMPTY_BODY = YES;
				CLANG_WARN_ENUM_CONVERSION = YES;
				CLANG_WARN_INFINITE_RECURSION = YES;
				CLANG_WARN_INT_CONVERSION = YES;
				CLANG_WARN_NON_LITERAL_NULL_CONVERSION = YES;
				CLANG_WARN_OBJC_IMPLICIT_RETAIN_SELF = YES;
				CLANG_WARN_OBJC_LITERAL_CONVERSION = YES;
				CLANG_WARN_OBJC_ROOT_CLASS = YES_ERROR;
				CLANG_WARN_QUOTED_INCLUDE_IN_FRAMEWORK_HEADER = YES;
				CLANG_WARN_RANGE_LOOP_ANALYSIS = YES;
				CLANG_WARN_STRICT_PROTOTYPES = YES;
				CLANG_WARN_SUSPICIOUS_MOVE = YES;
				CLANG_WARN_UNGUARDED_AVAILABILITY = YES_AGGRESSIVE;
				CLANG_WARN_UNREACHABLE_CODE = YES;
				CLANG_WARN__DUPLICATE_METHOD_MATCH = YES;
				COPY_PHASE_STRIP = NO;
				DEBUG_INFORMATION_FORMAT = dwarf;
				ENABLE_STRICT_OBJC_MSGSEND = YES;
				ENABLE_TESTABILITY = YES;
				GCC_C_LANGUAGE_STANDARD = gnu11;
				GCC_DYNAMIC_NO_PIC = NO;
				GCC_NO_COMMON_BLOCKS = YES;
				GCC_OPTIMIZATION_LEVEL = 0;
				GCC_PREPROCESSOR_DEFINITIONS = (
					"DEBUG=1",
					"$(inherited)",
				);
				GCC_WARN_64_TO_32_BIT_CONVERSION = YES;
				GCC_WARN_ABOUT_RETURN_TYPE = YES_ERROR;
				GCC_WARN_UNDECLARED_SELECTOR = YES;
				GCC_WARN_UNINITIALIZED_AUTOS = YES_AGGRESSIVE;
				GCC_WARN_UNUSED_FUNCTION = YES;
				GCC_WARN_UNUSED_VARIABLE = YES;
				MTL_ENABLE_DEBUG_INFO = INCLUDE_SOURCE;
				MTL_FAST_MATH = YES;
				ONLY_ACTIVE_ARCH = YES;
				SDKROOT = iphoneos;
				SWIFT_ACTIVE_COMPILATION_CONDITIONS = DEBUG;
				SWIFT_OPTIMIZATION_LEVEL = "-Onone";
			};
			name = Debug;
		};
		5F57B8BB2E9EEAC800CA2CE2 /* Release */ = {
			isa = XCBuildConfiguration;
			buildSettings = {
				ALWAYS_SEARCH_USER_PATHS = NO;
				CLANG_ANALYZER_NONNULL = YES;
				CLANG_ANALYZER_NUMBER_OBJECT_CONVERSION = YES_AGGRESSIVE;
				CLANG_CXX_LANGUAGE_STANDARD = "gnu++17";
				CLANG_ENABLE_MODULES = YES;
				CLANG_ENABLE_OBJC_ARC = YES;
				CLANG_ENABLE_OBJC_WEAK = YES;
				CLANG_WARN_BLOCK_CAPTURE_AUTORELEASING = YES;
				CLANG_WARN_BOOL_CONVERSION = YES;
				CLANG_WARN_COMMA = YES;
				CLANG_WARN_CONSTANT_CONVERSION = YES;
				CLANG_WARN_DEPRECATED_OBJC_IMPLEMENTATIONS = YES;
				CLANG_WARN_DIRECT_OBJC_ISA_USAGE = YES_ERROR;
				CLANG_WARN_DOCUMENTATION_COMMENTS = YES;
				CLANG_WARN_EMPTY_BODY = YES;
				CLANG_WARN_ENUM_CONVERSION = YES;
				CLANG_WARN_INFINITE_RECURSION = YES;
				CLANG_WARN_INT_CONVERSION = YES;
				CLANG_WARN_NON_LITERAL_NULL_CONVERSION = YES;
				CLANG_WARN_OBJC_IMPLICIT_RETAIN_SELF = YES;
				CLANG_WARN_OBJC_LITERAL_CONVERSION = YES;
				CLANG_WARN_OBJC_ROOT_CLASS = YES_ERROR;
				CLANG_WARN_QUOTED_INCLUDE_IN_FRAMEWORK_HEADER = YES;
				CLANG_WARN_RANGE_LOOP_ANALYSIS = YES;
				CLANG_WARN_STRICT_PROTOTYPES = YES;
				CLANG_WARN_SUSPICIOUS_MOVE = YES;
				CLANG_WARN_UNGUARDED_AVAILABILITY = YES_AGGRESSIVE;
				CLANG_WARN_UNREACHABLE_CODE = YES;
				CLANG_WARN__DUPLICATE_METHOD_MATCH = YES;
				COPY_PHASE_STRIP = NO;
				DEBUG_INFORMATION_FORMAT = "dwarf-with-dsym";
				ENABLE_NS_ASSERTIONS = NO;
				ENABLE_STRICT_OBJC_MSGSEND = YES;
				GCC_C_LANGUAGE_STANDARD = gnu11;
				GCC_NO_COMMON_BLOCKS = YES;
				GCC_WARN_64_TO_32_BIT_CONVERSION = YES;
				GCC_WARN_ABOUT_RETURN_TYPE = YES_ERROR;
				GCC_WARN_UNDECLARED_SELECTOR = YES;
				GCC_WARN_UNINITIALIZED_AUTOS = YES_AGGRESSIVE;
				GCC_WARN_UNUSED_FUNCTION = YES;
				GCC_WARN_UNUSED_VARIABLE = YES;
				MTL_ENABLE_DEBUG_INFO = NO;
				MTL_FAST_MATH = YES;
				SDKROOT = iphoneos;
				SWIFT_COMPILATION_MODE = wholemodule;
				SWIFT_OPTIMIZATION_LEVEL = "-O";
				VALIDATE_PRODUCT = YES;
			};
			name = Release;
		};
		5F57B8BD2E9EEAC800CA2CE2 /* Debug */ = {
			isa = XCBuildConfiguration;
			buildSettings = {
				ALWAYS_EMBED_SWIFT_STANDARD_LIBRARIES = YES;
				ARCHS = "$(ARCHS_STANDARD)";
				ASSETCATALOG_COMPILER_APPICON_NAME = AppIcon;
				ASSETCATALOG_COMPILER_GLOBAL_ACCENT_COLOR_NAME = AccentColor;
				CODE_SIGN_ENTITLEMENTS = Neocord2/Neocord.entitlements;
				CODE_SIGN_STYLE = Automatic;
				CURRENT_PROJECT_VERSION = 1;
				DEVELOPMENT_TEAM = GA4W4X6894;
				GENERATE_INFOPLIST_FILE = YES;
				INFOPLIST_FILE = Neocord2/Info.plist;
				INFOPLIST_KEY_CFBundleDisplayName = "Neocord 2";
				INFOPLIST_KEY_NSPhotoLibraryAddUsageDescription = "Saving images to photo library";
				INFOPLIST_KEY_NSPhotoLibraryUsageDescription = "Viewing, saving and sending images";
				INFOPLIST_KEY_UIApplicationSupportsIndirectInputEvents = YES;
				INFOPLIST_KEY_UILaunchStoryboardName = LaunchScreen;
				INFOPLIST_KEY_UIRequiresFullScreen = NO;
				INFOPLIST_KEY_UISupportedInterfaceOrientations = UIInterfaceOrientationPortrait;
				INFOPLIST_KEY_UISupportedInterfaceOrientations_iPad = "UIInterfaceOrientationPortrait UIInterfaceOrientationPortraitUpsideDown UIInterfaceOrientationLandscapeLeft UIInterfaceOrientationLandscapeRight";
				INFOPLIST_KEY_UISupportedInterfaceOrientations_iPhone = "UIInterfaceOrientationPortrait UIInterfaceOrientationLandscapeLeft UIInterfaceOrientationLandscapeRight";
				IPHONEOS_DEPLOYMENT_TARGET = 15.0;
				LD_RUNPATH_SEARCH_PATHS = (
					"$(inherited)",
					"@executable_path/Frameworks",
				);
				MARKETING_VERSION = 1.0;
				OTHER_CFLAGS = "";
				OTHER_SWIFT_FLAGS = "";
				PRODUCT_BUNDLE_IDENTIFIER = jwi.neocord2;
				PRODUCT_NAME = "$(TARGET_NAME)";
				STRIP_SWIFT_SYMBOLS = YES;
				SUPPORTED_PLATFORMS = "iphoneos iphonesimulator";
				SUPPORTS_MACCATALYST = NO;
				SUPPORTS_MAC_DESIGNED_FOR_IPHONE_IPAD = YES;
				SWIFT_EMIT_LOC_STRINGS = YES;
				SWIFT_VERSION = 5.0;
				TARGETED_DEVICE_FAMILY = "1,2,6";
			};
			name = Debug;
		};
		5F57B8BE2E9EEAC800CA2CE2 /* Release */ = {
			isa = XCBuildConfiguration;
			buildSettings = {
				ALWAYS_EMBED_SWIFT_STANDARD_LIBRARIES = YES;
				ARCHS = "$(ARCHS_STANDARD)";
				ASSETCATALOG_COMPILER_APPICON_NAME = AppIcon;
				ASSETCATALOG_COMPILER_GLOBAL_ACCENT_COLOR_NAME = AccentColor;
				CODE_SIGN_ENTITLEMENTS = Neocord2/Neocord.entitlements;
				CODE_SIGN_STYLE = Automatic;
				CURRENT_PROJECT_VERSION = 1;
				DEVELOPMENT_TEAM = GA4W4X6894;
				GENERATE_INFOPLIST_FILE = YES;
				INFOPLIST_FILE = Neocord2/Info.plist;
				INFOPLIST_KEY_CFBundleDisplayName = "Neocord 2";
				INFOPLIST_KEY_NSPhotoLibraryAddUsageDescription = "Saving images to photo library";
				INFOPLIST_KEY_NSPhotoLibraryUsageDescription = "Viewing, saving and sending images";
				INFOPLIST_KEY_UIApplicationSupportsIndirectInputEvents = YES;
				INFOPLIST_KEY_UILaunchStoryboardName = LaunchScreen;
				INFOPLIST_KEY_UIRequiresFullScreen = NO;
				INFOPLIST_KEY_UISupportedInterfaceOrientations = UIInterfaceOrientationPortrait;
				INFOPLIST_KEY_UISupportedInterfaceOrientations_iPad = "UIInterfaceOrientationPortrait UIInterfaceOrientationPortraitUpsideDown UIInterfaceOrientationLandscapeLeft UIInterfaceOrientationLandscapeRight";
				INFOPLIST_KEY_UISupportedInterfaceOrientations_iPhone = "UIInterfaceOrientationPortrait UIInterfaceOrientationLandscapeLeft UIInterfaceOrientationLandscapeRight";
				IPHONEOS_DEPLOYMENT_TARGET = 15.0;
				LD_RUNPATH_SEARCH_PATHS = (
					"$(inherited)",
					"@executable_path/Frameworks",
				);
				MARKETING_VERSION = 1.0;
				ONLY_ACTIVE_ARCH = NO;
				OTHER_CFLAGS = "";
				OTHER_SWIFT_FLAGS = "";
				PRODUCT_BUNDLE_IDENTIFIER = jwi.neocord2;
				PRODUCT_NAME = "$(TARGET_NAME)";
				STRIP_SWIFT_SYMBOLS = YES;
				SUPPORTED_PLATFORMS = "iphoneos iphonesimulator";
				SUPPORTS_MACCATALYST = NO;
				SUPPORTS_MAC_DESIGNED_FOR_IPHONE_IPAD = YES;
				SWIFT_EMIT_LOC_STRINGS = YES;
				SWIFT_VERSION = 5.0;
				TARGETED_DEVICE_FAMILY = "1,2,6";
			};
			name = Release;
		};
		5FA7B1F82ED55FA7008BCC5E /* Debug Modern */ = {
			isa = XCBuildConfiguration;
			buildSettings = {
				ALWAYS_SEARCH_USER_PATHS = NO;
				CLANG_ANALYZER_NONNULL = YES;
				CLANG_ANALYZER_NUMBER_OBJECT_CONVERSION = YES_AGGRESSIVE;
				CLANG_CXX_LANGUAGE_STANDARD = "gnu++17";
				CLANG_ENABLE_MODULES = YES;
				CLANG_ENABLE_OBJC_ARC = YES;
				CLANG_ENABLE_OBJC_WEAK = YES;
				CLANG_WARN_BLOCK_CAPTURE_AUTORELEASING = YES;
				CLANG_WARN_BOOL_CONVERSION = YES;
				CLANG_WARN_COMMA = YES;
				CLANG_WARN_CONSTANT_CONVERSION = YES;
				CLANG_WARN_DEPRECATED_OBJC_IMPLEMENTATIONS = YES;
				CLANG_WARN_DIRECT_OBJC_ISA_USAGE = YES_ERROR;
				CLANG_WARN_DOCUMENTATION_COMMENTS = YES;
				CLANG_WARN_EMPTY_BODY = YES;
				CLANG_WARN_ENUM_CONVERSION = YES;
				CLANG_WARN_INFINITE_RECURSION = YES;
				CLANG_WARN_INT_CONVERSION = YES;
				CLANG_WARN_NON_LITERAL_NULL_CONVERSION = YES;
				CLANG_WARN_OBJC_IMPLICIT_RETAIN_SELF = YES;
				CLANG_WARN_OBJC_LITERAL_CONVERSION = YES;
				CLANG_WARN_OBJC_ROOT_CLASS = YES_ERROR;
				CLANG_WARN_QUOTED_INCLUDE_IN_FRAMEWORK_HEADER = YES;
				CLANG_WARN_RANGE_LOOP_ANALYSIS = YES;
				CLANG_WARN_STRICT_PROTOTYPES = YES;
				CLANG_WARN_SUSPICIOUS_MOVE = YES;
				CLANG_WARN_UNGUARDED_AVAILABILITY = YES_AGGRESSIVE;
				CLANG_WARN_UNREACHABLE_CODE = YES;
				CLANG_WARN__DUPLICATE_METHOD_MATCH = YES;
				COPY_PHASE_STRIP = NO;
				DEBUG_INFORMATION_FORMAT = dwarf;
				ENABLE_STRICT_OBJC_MSGSEND = YES;
				ENABLE_TESTABILITY = YES;
				GCC_C_LANGUAGE_STANDARD = gnu11;
				GCC_DYNAMIC_NO_PIC = NO;
				GCC_NO_COMMON_BLOCKS = YES;
				GCC_OPTIMIZATION_LEVEL = 0;
				GCC_PREPROCESSOR_DEFINITIONS = (
					"DEBUG=1",
					"$(inherited)",
				);
				GCC_WARN_64_TO_32_BIT_CONVERSION = YES;
				GCC_WARN_ABOUT_RETURN_TYPE = YES_ERROR;
				GCC_WARN_UNDECLARED_SELECTOR = YES;
				GCC_WARN_UNINITIALIZED_AUTOS = YES_AGGRESSIVE;
				GCC_WARN_UNUSED_FUNCTION = YES;
				GCC_WARN_UNUSED_VARIABLE = YES;
				MTL_ENABLE_DEBUG_INFO = INCLUDE_SOURCE;
				MTL_FAST_MATH = YES;
				ONLY_ACTIVE_ARCH = YES;
				SDKROOT = iphoneos;
				SWIFT_ACTIVE_COMPILATION_CONDITIONS = DEBUG;
				SWIFT_OPTIMIZATION_LEVEL = "-Onone";
			};
			name = "Debug Modern";
		};
		5FA7B1F92ED55FA7008BCC5E /* Debug Modern */ = {
			isa = XCBuildConfiguration;
			buildSettings = {
				ALWAYS_EMBED_SWIFT_STANDARD_LIBRARIES = YES;
				ARCHS = "$(ARCHS_STANDARD)";
				ASSETCATALOG_COMPILER_APPICON_NAME = AppIcon;
				ASSETCATALOG_COMPILER_GLOBAL_ACCENT_COLOR_NAME = AccentColor;
				CODE_SIGN_ENTITLEMENTS = Neocord2/Neocord.entitlements;
				CODE_SIGN_STYLE = Automatic;
				CURRENT_PROJECT_VERSION = 1;
				DEVELOPMENT_TEAM = GA4W4X6894;
				GENERATE_INFOPLIST_FILE = YES;
				INFOPLIST_FILE = Neocord2/Info.plist;
				INFOPLIST_KEY_CFBundleDisplayName = "Neocord 2";
				INFOPLIST_KEY_NSPhotoLibraryAddUsageDescription = "Saving images to photo library";
				INFOPLIST_KEY_NSPhotoLibraryUsageDescription = "Viewing, saving and sending images";
				INFOPLIST_KEY_UIApplicationSupportsIndirectInputEvents = YES;
				INFOPLIST_KEY_UILaunchStoryboardName = LaunchScreen;
				INFOPLIST_KEY_UIRequiresFullScreen = NO;
				INFOPLIST_KEY_UISupportedInterfaceOrientations = UIInterfaceOrientationPortrait;
				INFOPLIST_KEY_UISupportedInterfaceOrientations_iPad = "UIInterfaceOrientationPortrait UIInterfaceOrientationPortraitUpsideDown UIInterfaceOrientationLandscapeLeft UIInterfaceOrientationLandscapeRight";
				INFOPLIST_KEY_UISupportedInterfaceOrientations_iPhone = "UIInterfaceOrientationPortrait UIInterfaceOrientationLandscapeLeft UIInterfaceOrientationLandscapeRight";
				IPHONEOS_DEPLOYMENT_TARGET = 15.0;
				LD_RUNPATH_SEARCH_PATHS = (
					"$(inherited)",
					"@executable_path/Frameworks",
				);
				MARKETING_VERSION = 1.0;
				OTHER_CFLAGS = "";
				OTHER_SWIFT_FLAGS = "";
				"OTHER_SWIFT_FLAGS[arch=*]" = "-DMODERN_BUILD\n";
				PRODUCT_BUNDLE_IDENTIFIER = jwi.neocord2;
				PRODUCT_NAME = "$(TARGET_NAME)";
				STRIP_SWIFT_SYMBOLS = YES;
				SUPPORTED_PLATFORMS = "iphoneos iphonesimulator";
				SUPPORTS_MACCATALYST = NO;
				SUPPORTS_MAC_DESIGNED_FOR_IPHONE_IPAD = YES;
				SWIFT_EMIT_LOC_STRINGS = YES;
				SWIFT_VERSION = 5.0;
				TARGETED_DEVICE_FAMILY = "1,2,6";
			};
			name = "Debug Modern";
		};
		5FA7B1FA2ED55FB0008BCC5E /* Release Modern */ = {
			isa = XCBuildConfiguration;
			buildSettings = {
				ALWAYS_SEARCH_USER_PATHS = NO;
				CLANG_ANALYZER_NONNULL = YES;
				CLANG_ANALYZER_NUMBER_OBJECT_CONVERSION = YES_AGGRESSIVE;
				CLANG_CXX_LANGUAGE_STANDARD = "gnu++17";
				CLANG_ENABLE_MODULES = YES;
				CLANG_ENABLE_OBJC_ARC = YES;
				CLANG_ENABLE_OBJC_WEAK = YES;
				CLANG_WARN_BLOCK_CAPTURE_AUTORELEASING = YES;
				CLANG_WARN_BOOL_CONVERSION = YES;
				CLANG_WARN_COMMA = YES;
				CLANG_WARN_CONSTANT_CONVERSION = YES;
				CLANG_WARN_DEPRECATED_OBJC_IMPLEMENTATIONS = YES;
				CLANG_WARN_DIRECT_OBJC_ISA_USAGE = YES_ERROR;
				CLANG_WARN_DOCUMENTATION_COMMENTS = YES;
				CLANG_WARN_EMPTY_BODY = YES;
				CLANG_WARN_ENUM_CONVERSION = YES;
				CLANG_WARN_INFINITE_RECURSION = YES;
				CLANG_WARN_INT_CONVERSION = YES;
				CLANG_WARN_NON_LITERAL_NULL_CONVERSION = YES;
				CLANG_WARN_OBJC_IMPLICIT_RETAIN_SELF = YES;
				CLANG_WARN_OBJC_LITERAL_CONVERSION = YES;
				CLANG_WARN_OBJC_ROOT_CLASS = YES_ERROR;
				CLANG_WARN_QUOTED_INCLUDE_IN_FRAMEWORK_HEADER = YES;
				CLANG_WARN_RANGE_LOOP_ANALYSIS = YES;
				CLANG_WARN_STRICT_PROTOTYPES = YES;
				CLANG_WARN_SUSPICIOUS_MOVE = YES;
				CLANG_WARN_UNGUARDED_AVAILABILITY = YES_AGGRESSIVE;
				CLANG_WARN_UNREACHABLE_CODE = YES;
				CLANG_WARN__DUPLICATE_METHOD_MATCH = YES;
				COPY_PHASE_STRIP = NO;
				DEBUG_INFORMATION_FORMAT = "dwarf-with-dsym";
				ENABLE_NS_ASSERTIONS = NO;
				ENABLE_STRICT_OBJC_MSGSEND = YES;
				GCC_C_LANGUAGE_STANDARD = gnu11;
				GCC_NO_COMMON_BLOCKS = YES;
				GCC_WARN_64_TO_32_BIT_CONVERSION = YES;
				GCC_WARN_ABOUT_RETURN_TYPE = YES_ERROR;
				GCC_WARN_UNDECLARED_SELECTOR = YES;
				GCC_WARN_UNINITIALIZED_AUTOS = YES_AGGRESSIVE;
				GCC_WARN_UNUSED_FUNCTION = YES;
				GCC_WARN_UNUSED_VARIABLE = YES;
				MTL_ENABLE_DEBUG_INFO = NO;
				MTL_FAST_MATH = YES;
				SDKROOT = iphoneos;
				SWIFT_COMPILATION_MODE = wholemodule;
				SWIFT_OPTIMIZATION_LEVEL = "-O";
				VALIDATE_PRODUCT = YES;
			};
			name = "Release Modern";
		};
		5FA7B1FB2ED55FB0008BCC5E /* Release Modern */ = {
			isa = XCBuildConfiguration;
			buildSettings = {
				ALWAYS_EMBED_SWIFT_STANDARD_LIBRARIES = YES;
				ARCHS = "$(ARCHS_STANDARD)";
				ASSETCATALOG_COMPILER_APPICON_NAME = AppIcon;
				ASSETCATALOG_COMPILER_GLOBAL_ACCENT_COLOR_NAME = AccentColor;
				CODE_SIGN_ENTITLEMENTS = Neocord2/Neocord.entitlements;
				CODE_SIGN_STYLE = Automatic;
				CURRENT_PROJECT_VERSION = 1;
				DEVELOPMENT_TEAM = GA4W4X6894;
				GENERATE_INFOPLIST_FILE = YES;
				INFOPLIST_FILE = Neocord2/Info.plist;
				INFOPLIST_KEY_CFBundleDisplayName = "Neocord 2";
				INFOPLIST_KEY_NSPhotoLibraryAddUsageDescription = "Saving images to photo library";
				INFOPLIST_KEY_NSPhotoLibraryUsageDescription = "Viewing, saving and sending images";
				INFOPLIST_KEY_UIApplicationSupportsIndirectInputEvents = YES;
				INFOPLIST_KEY_UILaunchStoryboardName = LaunchScreen;
				INFOPLIST_KEY_UIRequiresFullScreen = NO;
				INFOPLIST_KEY_UISupportedInterfaceOrientations = UIInterfaceOrientationPortrait;
				INFOPLIST_KEY_UISupportedInterfaceOrientations_iPad = "UIInterfaceOrientationPortrait UIInterfaceOrientationPortraitUpsideDown UIInterfaceOrientationLandscapeLeft UIInterfaceOrientationLandscapeRight";
				INFOPLIST_KEY_UISupportedInterfaceOrientations_iPhone = "UIInterfaceOrientationPortrait UIInterfaceOrientationLandscapeLeft UIInterfaceOrientationLandscapeRight";
				IPHONEOS_DEPLOYMENT_TARGET = 15.0;
				LD_RUNPATH_SEARCH_PATHS = (
					"$(inherited)",
					"@executable_path/Frameworks",
				);
				MARKETING_VERSION = 1.0;
				OTHER_CFLAGS = "";
				OTHER_SWIFT_FLAGS = "";
				"OTHER_SWIFT_FLAGS[arch=*]" = "-DMODERN_BUILD\n";
				PRODUCT_BUNDLE_IDENTIFIER = jwi.neocord2;
				PRODUCT_NAME = "$(TARGET_NAME)";
				STRIP_SWIFT_SYMBOLS = YES;
				SUPPORTED_PLATFORMS = "iphoneos iphonesimulator";
				SUPPORTS_MACCATALYST = NO;
				SUPPORTS_MAC_DESIGNED_FOR_IPHONE_IPAD = YES;
				SWIFT_EMIT_LOC_STRINGS = YES;
				SWIFT_VERSION = 5.0;
				TARGETED_DEVICE_FAMILY = "1,2,6";
			};
			name = "Release Modern";
		};
/* End XCBuildConfiguration section */

/* Begin XCConfigurationList section */
		5F57B8A92E9EEAC600CA2CE2 /* Build configuration list for PBXProject "Neocord2" */ = {
			isa = XCConfigurationList;
			buildConfigurations = (
				5F57B8BA2E9EEAC800CA2CE2 /* Debug */,
				5FA7B1F82ED55FA7008BCC5E /* Debug Modern */,
				5F57B8BB2E9EEAC800CA2CE2 /* Release */,
				5FA7B1FA2ED55FB0008BCC5E /* Release Modern */,
			);
			defaultConfigurationIsVisible = 0;
			defaultConfigurationName = Release;
		};
		5F57B8BC2E9EEAC800CA2CE2 /* Build configuration list for PBXNativeTarget "Neocord2" */ = {
			isa = XCConfigurationList;
			buildConfigurations = (
				5F57B8BD2E9EEAC800CA2CE2 /* Debug */,
				5FA7B1F92ED55FA7008BCC5E /* Debug Modern */,
				5F57B8BE2E9EEAC800CA2CE2 /* Release */,
				5FA7B1FB2ED55FB0008BCC5E /* Release Modern */,
			);
			defaultConfigurationIsVisible = 0;
			defaultConfigurationName = Release;
		};
/* End XCConfigurationList section */

/* Begin XCRemoteSwiftPackageReference section */
		5F139A452EC5A1FD0092EDA6 /* XCRemoteSwiftPackageReference "NSJSONSerialization-for-Swift" */ = {
			isa = XCRemoteSwiftPackageReference;
			repositoryURL = "https://github.com/JWIMaster/NSJSONSerialization-for-Swift";
			requirement = {
				branch = master;
				kind = branch;
			};
		};
		5F57B8BF2E9EEAE000CA2CE2 /* XCRemoteSwiftPackageReference "ModernSDKKit" */ = {
			isa = XCRemoteSwiftPackageReference;
			repositoryURL = "https://github.com/JWIMaster/ModernSDKKit";
			requirement = {
				branch = master;
				kind = branch;
			};
		};
		5F5AF8A42EC718B600D0C660 /* XCRemoteSwiftPackageReference "FoundationExtensions" */ = {
			isa = XCRemoteSwiftPackageReference;
			repositoryURL = "https://github.com/JWIMaster/FoundationExtensions";
			requirement = {
				branch = master;
				kind = branch;
			};
		};
		5F5AF8A72EC7FA0600D0C660 /* XCRemoteSwiftPackageReference "DeprecatedAPIKit" */ = {
			isa = XCRemoteSwiftPackageReference;
			repositoryURL = "https://github.com/JWIMaster/DeprecatedAPIKit";
			requirement = {
				branch = master;
				kind = branch;
			};
		};
		5F9395082EE3DC9300977D7A /* XCRemoteSwiftPackageReference "ETFKit" */ = {
			isa = XCRemoteSwiftPackageReference;
			repositoryURL = "https://github.com/JWIMaster/ETFKit";
			requirement = {
				branch = main;
				kind = branch;
			};
		};
		5FE178342EAF17D000FC4AA4 /* XCRemoteSwiftPackageReference "TSMarkdownParser" */ = {
			isa = XCRemoteSwiftPackageReference;
			repositoryURL = "https://github.com/JWIMaster/TSMarkdownParser.git";
			requirement = {
				branch = master;
				kind = branch;
			};
		};
		5FEF14602EA0CF1A005598D3 /* XCRemoteSwiftPackageReference "UIKitExtensions" */ = {
			isa = XCRemoteSwiftPackageReference;
			repositoryURL = "https://github.com/JWIMaster/UIKitExtensions.git";
			requirement = {
				branch = master;
				kind = branch;
			};
		};
/* End XCRemoteSwiftPackageReference section */

/* Begin XCSwiftPackageProductDependency section */
		5F139A462EC5A1FD0092EDA6 /* NSJSONSerializationForSwift */ = {
			isa = XCSwiftPackageProductDependency;
			package = 5F139A452EC5A1FD0092EDA6 /* XCRemoteSwiftPackageReference "NSJSONSerialization-for-Swift" */;
			productName = NSJSONSerializationForSwift;
		};
		5F57B8C02E9EEAE000CA2CE2 /* ModernSDKKit */ = {
			isa = XCSwiftPackageProductDependency;
			package = 5F57B8BF2E9EEAE000CA2CE2 /* XCRemoteSwiftPackageReference "ModernSDKKit" */;
			productName = ModernSDKKit;
		};
		5F57B8C52E9EF1CF00CA2CE2 /* SwiftcordLegacy */ = {
			isa = XCSwiftPackageProductDependency;
			productName = SwiftcordLegacy;
		};
		5F5AF8A52EC718B600D0C660 /* FoundationExtensions */ = {
			isa = XCSwiftPackageProductDependency;
			package = 5F5AF8A42EC718B600D0C660 /* XCRemoteSwiftPackageReference "FoundationExtensions" */;
			productName = FoundationExtensions;
		};
		5F5AF8A82EC7FA0600D0C660 /* DeprecatedAPIKit */ = {
			isa = XCSwiftPackageProductDependency;
			package = 5F5AF8A72EC7FA0600D0C660 /* XCRemoteSwiftPackageReference "DeprecatedAPIKit" */;
			productName = DeprecatedAPIKit;
		};
		5F9395092EE3DC9300977D7A /* ETFKit */ = {
			isa = XCSwiftPackageProductDependency;
			package = 5F9395082EE3DC9300977D7A /* XCRemoteSwiftPackageReference "ETFKit" */;
			productName = ETFKit;
		};
		5FE178352EAF17D000FC4AA4 /* TSMarkdownParser */ = {
			isa = XCSwiftPackageProductDependency;
			package = 5FE178342EAF17D000FC4AA4 /* XCRemoteSwiftPackageReference "TSMarkdownParser" */;
			productName = TSMarkdownParser;
		};
		5FEF14612EA0CF1A005598D3 /* UIKitExtensions */ = {
			isa = XCSwiftPackageProductDependency;
			package = 5FEF14602EA0CF1A005598D3 /* XCRemoteSwiftPackageReference "UIKitExtensions" */;
			productName = UIKitExtensions;
		};
/* End XCSwiftPackageProductDependency section */
	};
	rootObject = 5F57B8A62E9EEAC600CA2CE2 /* Project object */;
}
